
Microsoft Visual Studio Solution File, Format Version 12.00
# Visual Studio 15
VisualStudioVersion = 15.0.26430.4
MinimumVisualStudioVersion = 10.0.40219.1
Project("{FAE04EC0-301F-11D3-BF4B-00C04F79EFBC}") = "TimesheetParser", "TimesheetParser\TimesheetParser.csproj", "{B4E36119-7A3D-4F45-90FF-E998B799064E}"
EndProject
Project("{9A19103F-16F7-4668-BE54-9A1E7A4F7556}") = "TimesheetParser.Business", "TimesheetParser.Business\TimesheetParser.Business.csproj", "{2EBA6640-AC0D-4811-B80E-7C714771A9F6}"
EndProject
Project("{9A19103F-16F7-4668-BE54-9A1E7A4F7556}") = "JiraApi", "JiraApi\JiraApi.csproj", "{E446C21A-22D4-4770-92F7-D40AC178D1FC}"
EndProject
Global
	GlobalSection(SolutionConfigurationPlatforms) = preSolution
		Debug|Any CPU = Debug|Any CPU
		Release|Any CPU = Release|Any CPU
	EndGlobalSection
	GlobalSection(ProjectConfigurationPlatforms) = postSolution
		{B4E36119-7A3D-4F45-90FF-E998B799064E}.Debug|Any CPU.ActiveCfg = Debug|Any CPU
		{B4E36119-7A3D-4F45-90FF-E998B799064E}.Debug|Any CPU.Build.0 = Debug|Any CPU
		{B4E36119-7A3D-4F45-90FF-E998B799064E}.Release|Any CPU.ActiveCfg = Release|Any CPU
		{B4E36119-7A3D-4F45-90FF-E998B799064E}.Release|Any CPU.Build.0 = Release|Any CPU
		{2EBA6640-AC0D-4811-B80E-7C714771A9F6}.Debug|Any CPU.ActiveCfg = Debug|Any CPU
		{2EBA6640-AC0D-4811-B80E-7C714771A9F6}.Debug|Any CPU.Build.0 = Debug|Any CPU
		{2EBA6640-AC0D-4811-B80E-7C714771A9F6}.Release|Any CPU.ActiveCfg = Release|Any CPU
		{2EBA6640-AC0D-4811-B80E-7C714771A9F6}.Release|Any CPU.Build.0 = Release|Any CPU
		{E446C21A-22D4-4770-92F7-D40AC178D1FC}.Debug|Any CPU.ActiveCfg = Debug|Any CPU
		{E446C21A-22D4-4770-92F7-D40AC178D1FC}.Debug|Any CPU.Build.0 = Debug|Any CPU
		{E446C21A-22D4-4770-92F7-D40AC178D1FC}.Release|Any CPU.ActiveCfg = Release|Any CPU
		{E446C21A-22D4-4770-92F7-D40AC178D1FC}.Release|Any CPU.Build.0 = Release|Any CPU
	EndGlobalSection
	GlobalSection(SolutionProperties) = preSolution
		HideSolutionNode = FALSE
	EndGlobalSection
EndGlobal
